// !$*UTF8*$!
{
	archiveVersion = 1;
	classes = {
	};
	objectVersion = 56;
	objects = {

/* Begin PBXBuildFile section */
		771130872B1B2BF000F9C896 /* CustomAlert.swift in Sources */ = {isa = PBXBuildFile; fileRef = 771130862B1B2BF000F9C896 /* CustomAlert.swift */; };
		7711308C2B1B322600F9C896 /* MainViewController.swift in Sources */ = {isa = PBXBuildFile; fileRef = 7711308B2B1B322600F9C896 /* MainViewController.swift */; };
		7711308E2B1B323D00F9C896 /* MainView.swift in Sources */ = {isa = PBXBuildFile; fileRef = 7711308D2B1B323D00F9C896 /* MainView.swift */; };
		771130902B1B353F00F9C896 /* CustomLogOutAlert.swift in Sources */ = {isa = PBXBuildFile; fileRef = 7711308F2B1B353F00F9C896 /* CustomLogOutAlert.swift */; };
		7764B4852B18873E009B656A /* CustomSecureTextField.swift in Sources */ = {isa = PBXBuildFile; fileRef = 7764B4842B18873E009B656A /* CustomSecureTextField.swift */; };
		7764B4872B18A6CB009B656A /* CustomLoginTextField.swift in Sources */ = {isa = PBXBuildFile; fileRef = 7764B4862B18A6CB009B656A /* CustomLoginTextField.swift */; };
		776837052B0DE2D80089B4A5 /* AppDelegate.swift in Sources */ = {isa = PBXBuildFile; fileRef = 776837042B0DE2D80089B4A5 /* AppDelegate.swift */; };
		776837072B0DE2D80089B4A5 /* SceneDelegate.swift in Sources */ = {isa = PBXBuildFile; fileRef = 776837062B0DE2D80089B4A5 /* SceneDelegate.swift */; };
		7768370E2B0DE2D90089B4A5 /* Assets.xcassets in Resources */ = {isa = PBXBuildFile; fileRef = 7768370D2B0DE2D90089B4A5 /* Assets.xcassets */; };
		776837112B0DE2D90089B4A5 /* LaunchScreen.storyboard in Resources */ = {isa = PBXBuildFile; fileRef = 7768370F2B0DE2D90089B4A5 /* LaunchScreen.storyboard */; };
		7768371B2B0DE5AA0089B4A5 /* Extention+UIColor.swift in Sources */ = {isa = PBXBuildFile; fileRef = 7768371A2B0DE5AA0089B4A5 /* Extention+UIColor.swift */; };
		778387F62B19F379005F2AF1 /* ConfirmationViewController.swift in Sources */ = {isa = PBXBuildFile; fileRef = 778387F52B19F379005F2AF1 /* ConfirmationViewController.swift */; };
		778387FA2B19F414005F2AF1 /* ConfirmationView.swift in Sources */ = {isa = PBXBuildFile; fileRef = 778387F92B19F414005F2AF1 /* ConfirmationView.swift */; };
		77BF96332B173C850008347A /* MPLUS1p-Medium.ttf in Resources */ = {isa = PBXBuildFile; fileRef = 77BF96302B173C850008347A /* MPLUS1p-Medium.ttf */; };
		77BF96342B173C850008347A /* MPLUS1p-Bold.ttf in Resources */ = {isa = PBXBuildFile; fileRef = 77BF96312B173C850008347A /* MPLUS1p-Bold.ttf */; };
		77BF96352B173C850008347A /* MPLUS1p-Regular.ttf in Resources */ = {isa = PBXBuildFile; fileRef = 77BF96322B173C850008347A /* MPLUS1p-Regular.ttf */; };
		77BF96382B173CFE0008347A /* LoginViewController.swift in Sources */ = {isa = PBXBuildFile; fileRef = 77BF96372B173CFE0008347A /* LoginViewController.swift */; };
		77BF963C2B174D940008347A /* LoginView.swift in Sources */ = {isa = PBXBuildFile; fileRef = 77BF963B2B174D940008347A /* LoginView.swift */; };
		77BF963E2B17778C0008347A /* Extention+TextField.swift in Sources */ = {isa = PBXBuildFile; fileRef = 77BF963D2B17778C0008347A /* Extention+TextField.swift */; };
		77BF96412B1786270008347A /* CustomToastView.swift in Sources */ = {isa = PBXBuildFile; fileRef = 77BF96402B1786270008347A /* CustomToastView.swift */; };
		77BF96462B1797CB0008347A /* RegistrationViewController.swift in Sources */ = {isa = PBXBuildFile; fileRef = 77BF96452B1797CB0008347A /* RegistrationViewController.swift */; };
		77BF96482B1797E90008347A /* RegistrationView.swift in Sources */ = {isa = PBXBuildFile; fileRef = 77BF96472B1797E90008347A /* RegistrationView.swift */; };
		7FB77535B46937B16590B927 /* libPods-Neobis_iOS_Auth.a in Frameworks */ = {isa = PBXBuildFile; fileRef = 46435044236D7C86A64186AF /* libPods-Neobis_iOS_Auth.a */; };
/* End PBXBuildFile section */

/* Begin PBXFileReference section */
		46435044236D7C86A64186AF /* libPods-Neobis_iOS_Auth.a */ = {isa = PBXFileReference; explicitFileType = archive.ar; includeInIndex = 0; path = "libPods-Neobis_iOS_Auth.a"; sourceTree = BUILT_PRODUCTS_DIR; };
		771130862B1B2BF000F9C896 /* CustomAlert.swift */ = {isa = PBXFileReference; lastKnownFileType = sourcecode.swift; path = CustomAlert.swift; sourceTree = "<group>"; };
		7711308B2B1B322600F9C896 /* MainViewController.swift */ = {isa = PBXFileReference; lastKnownFileType = sourcecode.swift; path = MainViewController.swift; sourceTree = "<group>"; };
		7711308D2B1B323D00F9C896 /* MainView.swift */ = {isa = PBXFileReference; lastKnownFileType = sourcecode.swift; path = MainView.swift; sourceTree = "<group>"; };
		7711308F2B1B353F00F9C896 /* CustomLogOutAlert.swift */ = {isa = PBXFileReference; lastKnownFileType = sourcecode.swift; path = CustomLogOutAlert.swift; sourceTree = "<group>"; };
		7764B4842B18873E009B656A /* CustomSecureTextField.swift */ = {isa = PBXFileReference; lastKnownFileType = sourcecode.swift; path = CustomSecureTextField.swift; sourceTree = "<group>"; };
		7764B4862B18A6CB009B656A /* CustomLoginTextField.swift */ = {isa = PBXFileReference; lastKnownFileType = sourcecode.swift; path = CustomLoginTextField.swift; sourceTree = "<group>"; };
		776837012B0DE2D80089B4A5 /* Neobis_iOS_Auth.app */ = {isa = PBXFileReference; explicitFileType = wrapper.application; includeInIndex = 0; path = Neobis_iOS_Auth.app; sourceTree = BUILT_PRODUCTS_DIR; };
		776837042B0DE2D80089B4A5 /* AppDelegate.swift */ = {isa = PBXFileReference; lastKnownFileType = sourcecode.swift; path = AppDelegate.swift; sourceTree = "<group>"; };
		776837062B0DE2D80089B4A5 /* SceneDelegate.swift */ = {isa = PBXFileReference; lastKnownFileType = sourcecode.swift; path = SceneDelegate.swift; sourceTree = "<group>"; };
		7768370D2B0DE2D90089B4A5 /* Assets.xcassets */ = {isa = PBXFileReference; lastKnownFileType = folder.assetcatalog; path = Assets.xcassets; sourceTree = "<group>"; };
		776837102B0DE2D90089B4A5 /* Base */ = {isa = PBXFileReference; lastKnownFileType = file.storyboard; name = Base; path = Base.lproj/LaunchScreen.storyboard; sourceTree = "<group>"; };
		776837122B0DE2D90089B4A5 /* Info.plist */ = {isa = PBXFileReference; lastKnownFileType = text.plist.xml; path = Info.plist; sourceTree = "<group>"; };
		7768371A2B0DE5AA0089B4A5 /* Extention+UIColor.swift */ = {isa = PBXFileReference; lastKnownFileType = sourcecode.swift; path = "Extention+UIColor.swift"; sourceTree = "<group>"; };
		778387F52B19F379005F2AF1 /* ConfirmationViewController.swift */ = {isa = PBXFileReference; lastKnownFileType = sourcecode.swift; path = ConfirmationViewController.swift; sourceTree = "<group>"; };
		778387F92B19F414005F2AF1 /* ConfirmationView.swift */ = {isa = PBXFileReference; lastKnownFileType = sourcecode.swift; path = ConfirmationView.swift; sourceTree = "<group>"; };
		77BF96302B173C850008347A /* MPLUS1p-Medium.ttf */ = {isa = PBXFileReference; lastKnownFileType = file; path = "MPLUS1p-Medium.ttf"; sourceTree = "<group>"; };
		77BF96312B173C850008347A /* MPLUS1p-Bold.ttf */ = {isa = PBXFileReference; lastKnownFileType = file; path = "MPLUS1p-Bold.ttf"; sourceTree = "<group>"; };
		77BF96322B173C850008347A /* MPLUS1p-Regular.ttf */ = {isa = PBXFileReference; lastKnownFileType = file; path = "MPLUS1p-Regular.ttf"; sourceTree = "<group>"; };
		77BF96372B173CFE0008347A /* LoginViewController.swift */ = {isa = PBXFileReference; lastKnownFileType = sourcecode.swift; path = LoginViewController.swift; sourceTree = "<group>"; };
		77BF963B2B174D940008347A /* LoginView.swift */ = {isa = PBXFileReference; lastKnownFileType = sourcecode.swift; path = LoginView.swift; sourceTree = "<group>"; };
		77BF963D2B17778C0008347A /* Extention+TextField.swift */ = {isa = PBXFileReference; lastKnownFileType = sourcecode.swift; path = "Extention+TextField.swift"; sourceTree = "<group>"; };
		77BF96402B1786270008347A /* CustomToastView.swift */ = {isa = PBXFileReference; lastKnownFileType = sourcecode.swift; path = CustomToastView.swift; sourceTree = "<group>"; };
		77BF96452B1797CB0008347A /* RegistrationViewController.swift */ = {isa = PBXFileReference; lastKnownFileType = sourcecode.swift; path = RegistrationViewController.swift; sourceTree = "<group>"; };
		77BF96472B1797E90008347A /* RegistrationView.swift */ = {isa = PBXFileReference; lastKnownFileType = sourcecode.swift; path = RegistrationView.swift; sourceTree = "<group>"; };
		855691C6931938B2BCC7159F /* Pods-Neobis_iOS_Auth.debug.xcconfig */ = {isa = PBXFileReference; includeInIndex = 1; lastKnownFileType = text.xcconfig; name = "Pods-Neobis_iOS_Auth.debug.xcconfig"; path = "Target Support Files/Pods-Neobis_iOS_Auth/Pods-Neobis_iOS_Auth.debug.xcconfig"; sourceTree = "<group>"; };
		954F1385BF55199BE239C97B /* Pods-Neobis_iOS_Auth.release.xcconfig */ = {isa = PBXFileReference; includeInIndex = 1; lastKnownFileType = text.xcconfig; name = "Pods-Neobis_iOS_Auth.release.xcconfig"; path = "Target Support Files/Pods-Neobis_iOS_Auth/Pods-Neobis_iOS_Auth.release.xcconfig"; sourceTree = "<group>"; };
/* End PBXFileReference section */

/* Begin PBXFrameworksBuildPhase section */
		776836FE2B0DE2D80089B4A5 /* Frameworks */ = {
			isa = PBXFrameworksBuildPhase;
			buildActionMask = 2147483647;
			files = (
				7FB77535B46937B16590B927 /* libPods-Neobis_iOS_Auth.a in Frameworks */,
			);
			runOnlyForDeploymentPostprocessing = 0;
		};
/* End PBXFrameworksBuildPhase section */

/* Begin PBXGroup section */
		37B5AC9333AAE5017CA92FF5 /* Frameworks */ = {
			isa = PBXGroup;
			children = (
				46435044236D7C86A64186AF /* libPods-Neobis_iOS_Auth.a */,
			);
			name = Frameworks;
			sourceTree = "<group>";
		};
		5499FEDDF0C41E8DA041BE74 /* Pods */ = {
			isa = PBXGroup;
			children = (
				855691C6931938B2BCC7159F /* Pods-Neobis_iOS_Auth.debug.xcconfig */,
				954F1385BF55199BE239C97B /* Pods-Neobis_iOS_Auth.release.xcconfig */,
			);
			path = Pods;
			sourceTree = "<group>";
		};
		771130882B1B320300F9C896 /* MainScreen */ = {
			isa = PBXGroup;
			children = (
				7711308A2B1B321500F9C896 /* View */,
				771130892B1B320E00F9C896 /* Controller */,
			);
			path = MainScreen;
			sourceTree = "<group>";
		};
		771130892B1B320E00F9C896 /* Controller */ = {
			isa = PBXGroup;
			children = (
				7711308B2B1B322600F9C896 /* MainViewController.swift */,
			);
			path = Controller;
			sourceTree = "<group>";
		};
		7711308A2B1B321500F9C896 /* View */ = {
			isa = PBXGroup;
			children = (
				7711308D2B1B323D00F9C896 /* MainView.swift */,
			);
			path = View;
			sourceTree = "<group>";
		};
		776836F82B0DE2D80089B4A5 = {
			isa = PBXGroup;
			children = (
				776837032B0DE2D80089B4A5 /* Neobis_iOS_Auth */,
				776837022B0DE2D80089B4A5 /* Products */,
				5499FEDDF0C41E8DA041BE74 /* Pods */,
				37B5AC9333AAE5017CA92FF5 /* Frameworks */,
			);
			sourceTree = "<group>";
		};
		776837022B0DE2D80089B4A5 /* Products */ = {
			isa = PBXGroup;
			children = (
				776837012B0DE2D80089B4A5 /* Neobis_iOS_Auth.app */,
			);
			name = Products;
			sourceTree = "<group>";
		};
		776837032B0DE2D80089B4A5 /* Neobis_iOS_Auth */ = {
			isa = PBXGroup;
			children = (
				776837222B0E054B0089B4A5 /* Fonts */,
				77B10B742B108C2C00A9AF7F /* Core */,
				776837182B0DE4D20089B4A5 /* Supporting */,
				7768370D2B0DE2D90089B4A5 /* Assets.xcassets */,
				7768370F2B0DE2D90089B4A5 /* LaunchScreen.storyboard */,
				776837122B0DE2D90089B4A5 /* Info.plist */,
			);
			path = Neobis_iOS_Auth;
			sourceTree = "<group>";
		};
		776837182B0DE4D20089B4A5 /* Supporting */ = {
			isa = PBXGroup;
			children = (
				776837042B0DE2D80089B4A5 /* AppDelegate.swift */,
				776837062B0DE2D80089B4A5 /* SceneDelegate.swift */,
			);
			path = Supporting;
			sourceTree = "<group>";
		};
		776837192B0DE5770089B4A5 /* Extention */ = {
			isa = PBXGroup;
			children = (
				7768371A2B0DE5AA0089B4A5 /* Extention+UIColor.swift */,
				77BF963D2B17778C0008347A /* Extention+TextField.swift */,
			);
			path = Extention;
			sourceTree = "<group>";
		};
		776837222B0E054B0089B4A5 /* Fonts */ = {
			isa = PBXGroup;
			children = (
				77BF96312B173C850008347A /* MPLUS1p-Bold.ttf */,
				77BF96302B173C850008347A /* MPLUS1p-Medium.ttf */,
				77BF96322B173C850008347A /* MPLUS1p-Regular.ttf */,
			);
			path = Fonts;
			sourceTree = "<group>";
		};
		778387F42B19F30E005F2AF1 /* PasswordConfirmationScreen */ = {
			isa = PBXGroup;
			children = (
				778387F82B19F38A005F2AF1 /* View */,
				778387F72B19F37D005F2AF1 /* Controller */,
			);
			path = PasswordConfirmationScreen;
			sourceTree = "<group>";
		};
		778387F72B19F37D005F2AF1 /* Controller */ = {
			isa = PBXGroup;
			children = (
				778387F52B19F379005F2AF1 /* ConfirmationViewController.swift */,
			);
			name = Controller;
			sourceTree = "<group>";
		};
		778387F82B19F38A005F2AF1 /* View */ = {
			isa = PBXGroup;
			children = (
				778387F92B19F414005F2AF1 /* ConfirmationView.swift */,
			);
			name = View;
			sourceTree = "<group>";
		};
		77B10B742B108C2C00A9AF7F /* Core */ = {
			isa = PBXGroup;
			children = (
				771130882B1B320300F9C896 /* MainScreen */,
				778387F42B19F30E005F2AF1 /* PasswordConfirmationScreen */,
				77BF96422B17978D0008347A /* RegistrationScreen */,
				77BF96362B173CB90008347A /* LoginScreen */,
				776837192B0DE5770089B4A5 /* Extention */,
				77BF963F2B1786190008347A /* CustomViews */,
			);
			path = Core;
			sourceTree = "<group>";
		};
		77BF96362B173CB90008347A /* LoginScreen */ = {
			isa = PBXGroup;
			children = (
				77BF963A2B173D0F0008347A /* Controller */,
				77BF96392B173D050008347A /* View */,
			);
			path = LoginScreen;
			sourceTree = "<group>";
		};
		77BF96392B173D050008347A /* View */ = {
			isa = PBXGroup;
			children = (
				77BF963B2B174D940008347A /* LoginView.swift */,
			);
			path = View;
			sourceTree = "<group>";
		};
		77BF963A2B173D0F0008347A /* Controller */ = {
			isa = PBXGroup;
			children = (
				77BF96372B173CFE0008347A /* LoginViewController.swift */,
			);
			path = Controller;
			sourceTree = "<group>";
		};
		77BF963F2B1786190008347A /* CustomViews */ = {
			isa = PBXGroup;
			children = (
				77BF96402B1786270008347A /* CustomToastView.swift */,
				7764B4842B18873E009B656A /* CustomSecureTextField.swift */,
				7764B4862B18A6CB009B656A /* CustomLoginTextField.swift */,
				771130862B1B2BF000F9C896 /* CustomAlert.swift */,
				7711308F2B1B353F00F9C896 /* CustomLogOutAlert.swift */,
			);
			path = CustomViews;
			sourceTree = "<group>";
		};
		77BF96422B17978D0008347A /* RegistrationScreen */ = {
			isa = PBXGroup;
			children = (
				77BF96442B1797AD0008347A /* Controller */,
				77BF96432B1797A50008347A /* View */,
			);
			path = RegistrationScreen;
			sourceTree = "<group>";
		};
		77BF96432B1797A50008347A /* View */ = {
			isa = PBXGroup;
			children = (
				77BF96472B1797E90008347A /* RegistrationView.swift */,
			);
			path = View;
			sourceTree = "<group>";
		};
		77BF96442B1797AD0008347A /* Controller */ = {
			isa = PBXGroup;
			children = (
				77BF96452B1797CB0008347A /* RegistrationViewController.swift */,
			);
			path = Controller;
			sourceTree = "<group>";
		};
/* End PBXGroup section */

/* Begin PBXNativeTarget section */
		776837002B0DE2D80089B4A5 /* Neobis_iOS_Auth */ = {
			isa = PBXNativeTarget;
			buildConfigurationList = 776837152B0DE2D90089B4A5 /* Build configuration list for PBXNativeTarget "Neobis_iOS_Auth" */;
			buildPhases = (
				2CB574489DB7C9B065091DA2 /* [CP] Check Pods Manifest.lock */,
				776836FD2B0DE2D80089B4A5 /* Sources */,
				776836FE2B0DE2D80089B4A5 /* Frameworks */,
				776836FF2B0DE2D80089B4A5 /* Resources */,
			);
			buildRules = (
			);
			dependencies = (
			);
			name = Neobis_iOS_Auth;
			productName = Neobis_iOS_Auth;
			productReference = 776837012B0DE2D80089B4A5 /* Neobis_iOS_Auth.app */;
			productType = "com.apple.product-type.application";
		};
/* End PBXNativeTarget section */

/* Begin PBXProject section */
		776836F92B0DE2D80089B4A5 /* Project object */ = {
			isa = PBXProject;
			attributes = {
				BuildIndependentTargetsInParallel = 1;
				LastSwiftUpdateCheck = 1500;
				LastUpgradeCheck = 1500;
				TargetAttributes = {
					776837002B0DE2D80089B4A5 = {
						CreatedOnToolsVersion = 15.0;
					};
				};
			};
			buildConfigurationList = 776836FC2B0DE2D80089B4A5 /* Build configuration list for PBXProject "Neobis_iOS_Auth" */;
			compatibilityVersion = "Xcode 14.0";
			developmentRegion = en;
			hasScannedForEncodings = 0;
			knownRegions = (
				en,
				Base,
			);
			mainGroup = 776836F82B0DE2D80089B4A5;
			productRefGroup = 776837022B0DE2D80089B4A5 /* Products */;
			projectDirPath = "";
			projectRoot = "";
			targets = (
				776837002B0DE2D80089B4A5 /* Neobis_iOS_Auth */,
			);
		};
/* End PBXProject section */

/* Begin PBXResourcesBuildPhase section */
		776836FF2B0DE2D80089B4A5 /* Resources */ = {
			isa = PBXResourcesBuildPhase;
			buildActionMask = 2147483647;
			files = (
				77BF96342B173C850008347A /* MPLUS1p-Bold.ttf in Resources */,
				776837112B0DE2D90089B4A5 /* LaunchScreen.storyboard in Resources */,
				7768370E2B0DE2D90089B4A5 /* Assets.xcassets in Resources */,
				77BF96332B173C850008347A /* MPLUS1p-Medium.ttf in Resources */,
				77BF96352B173C850008347A /* MPLUS1p-Regular.ttf in Resources */,
			);
			runOnlyForDeploymentPostprocessing = 0;
		};
/* End PBXResourcesBuildPhase section */

/* Begin PBXShellScriptBuildPhase section */
		2CB574489DB7C9B065091DA2 /* [CP] Check Pods Manifest.lock */ = {
			isa = PBXShellScriptBuildPhase;
			buildActionMask = 2147483647;
			files = (
			);
			inputFileListPaths = (
			);
			inputPaths = (
				"${PODS_PODFILE_DIR_PATH}/Podfile.lock",
				"${PODS_ROOT}/Manifest.lock",
			);
			name = "[CP] Check Pods Manifest.lock";
			outputFileListPaths = (
			);
			outputPaths = (
				"$(DERIVED_FILE_DIR)/Pods-Neobis_iOS_Auth-checkManifestLockResult.txt",
			);
			runOnlyForDeploymentPostprocessing = 0;
			shellPath = /bin/sh;
			shellScript = "diff \"${PODS_PODFILE_DIR_PATH}/Podfile.lock\" \"${PODS_ROOT}/Manifest.lock\" > /dev/null\nif [ $? != 0 ] ; then\n    # print error to STDERR\n    echo \"error: The sandbox is not in sync with the Podfile.lock. Run 'pod install' or update your CocoaPods installation.\" >&2\n    exit 1\nfi\n# This output is used by Xcode 'outputs' to avoid re-running this script phase.\necho \"SUCCESS\" > \"${SCRIPT_OUTPUT_FILE_0}\"\n";
			showEnvVarsInLog = 0;
		};
/* End PBXShellScriptBuildPhase section */

/* Begin PBXSourcesBuildPhase section */
		776836FD2B0DE2D80089B4A5 /* Sources */ = {
			isa = PBXSourcesBuildPhase;
			buildActionMask = 2147483647;
			files = (
				771130902B1B353F00F9C896 /* CustomLogOutAlert.swift in Sources */,
				77BF96412B1786270008347A /* CustomToastView.swift in Sources */,
				778387FA2B19F414005F2AF1 /* ConfirmationView.swift in Sources */,
				77BF963E2B17778C0008347A /* Extention+TextField.swift in Sources */,
				77BF96462B1797CB0008347A /* RegistrationViewController.swift in Sources */,
				77BF96482B1797E90008347A /* RegistrationView.swift in Sources */,
				77BF96382B173CFE0008347A /* LoginViewController.swift in Sources */,
				7768371B2B0DE5AA0089B4A5 /* Extention+UIColor.swift in Sources */,
				778387F62B19F379005F2AF1 /* ConfirmationViewController.swift in Sources */,
				7764B4852B18873E009B656A /* CustomSecureTextField.swift in Sources */,
				7711308E2B1B323D00F9C896 /* MainView.swift in Sources */,
				7711308C2B1B322600F9C896 /* MainViewController.swift in Sources */,
				776837052B0DE2D80089B4A5 /* AppDelegate.swift in Sources */,
				77BF963C2B174D940008347A /* LoginView.swift in Sources */,
				776837072B0DE2D80089B4A5 /* SceneDelegate.swift in Sources */,
				7764B4872B18A6CB009B656A /* CustomLoginTextField.swift in Sources */,
				771130872B1B2BF000F9C896 /* CustomAlert.swift in Sources */,
			);
			runOnlyForDeploymentPostprocessing = 0;
		};
/* End PBXSourcesBuildPhase section */

/* Begin PBXVariantGroup section */
		7768370F2B0DE2D90089B4A5 /* LaunchScreen.storyboard */ = {
			isa = PBXVariantGroup;
			children = (
				776837102B0DE2D90089B4A5 /* Base */,
			);
			name = LaunchScreen.storyboard;
			sourceTree = "<group>";
		};
/* End PBXVariantGroup section */

/* Begin XCBuildConfiguration section */
		776837132B0DE2D90089B4A5 /* Debug */ = {
			isa = XCBuildConfiguration;
			buildSettings = {
				ALWAYS_SEARCH_USER_PATHS = NO;
				ASSETCATALOG_COMPILER_GENERATE_SWIFT_ASSET_SYMBOL_EXTENSIONS = YES;
				CLANG_ANALYZER_NONNULL = YES;
				CLANG_ANALYZER_NUMBER_OBJECT_CONVERSION = YES_AGGRESSIVE;
				CLANG_CXX_LANGUAGE_STANDARD = "gnu++20";
				CLANG_ENABLE_MODULES = YES;
				CLANG_ENABLE_OBJC_ARC = YES;
				CLANG_ENABLE_OBJC_WEAK = YES;
				CLANG_WARN_BLOCK_CAPTURE_AUTORELEASING = YES;
				CLANG_WARN_BOOL_CONVERSION = YES;
				CLANG_WARN_COMMA = YES;
				CLANG_WARN_CONSTANT_CONVERSION = YES;
				CLANG_WARN_DEPRECATED_OBJC_IMPLEMENTATIONS = YES;
				CLANG_WARN_DIRECT_OBJC_ISA_USAGE = YES_ERROR;
				CLANG_WARN_DOCUMENTATION_COMMENTS = YES;
				CLANG_WARN_EMPTY_BODY = YES;
				CLANG_WARN_ENUM_CONVERSION = YES;
				CLANG_WARN_INFINITE_RECURSION = YES;
				CLANG_WARN_INT_CONVERSION = YES;
				CLANG_WARN_NON_LITERAL_NULL_CONVERSION = YES;
				CLANG_WARN_OBJC_IMPLICIT_RETAIN_SELF = YES;
				CLANG_WARN_OBJC_LITERAL_CONVERSION = YES;
				CLANG_WARN_OBJC_ROOT_CLASS = YES_ERROR;
				CLANG_WARN_QUOTED_INCLUDE_IN_FRAMEWORK_HEADER = YES;
				CLANG_WARN_RANGE_LOOP_ANALYSIS = YES;
				CLANG_WARN_STRICT_PROTOTYPES = YES;
				CLANG_WARN_SUSPICIOUS_MOVE = YES;
				CLANG_WARN_UNGUARDED_AVAILABILITY = YES_AGGRESSIVE;
				CLANG_WARN_UNREACHABLE_CODE = YES;
				CLANG_WARN__DUPLICATE_METHOD_MATCH = YES;
				COPY_PHASE_STRIP = NO;
				DEBUG_INFORMATION_FORMAT = dwarf;
				ENABLE_STRICT_OBJC_MSGSEND = YES;
				ENABLE_TESTABILITY = YES;
				ENABLE_USER_SCRIPT_SANDBOXING = YES;
				GCC_C_LANGUAGE_STANDARD = gnu17;
				GCC_DYNAMIC_NO_PIC = NO;
				GCC_NO_COMMON_BLOCKS = YES;
				GCC_OPTIMIZATION_LEVEL = 0;
				GCC_PREPROCESSOR_DEFINITIONS = (
					"DEBUG=1",
					"$(inherited)",
				);
				GCC_WARN_64_TO_32_BIT_CONVERSION = YES;
				GCC_WARN_ABOUT_RETURN_TYPE = YES_ERROR;
				GCC_WARN_UNDECLARED_SELECTOR = YES;
				GCC_WARN_UNINITIALIZED_AUTOS = YES_AGGRESSIVE;
				GCC_WARN_UNUSED_FUNCTION = YES;
				GCC_WARN_UNUSED_VARIABLE = YES;
				IPHONEOS_DEPLOYMENT_TARGET = 17.0;
				LOCALIZATION_PREFERS_STRING_CATALOGS = YES;
				MTL_ENABLE_DEBUG_INFO = INCLUDE_SOURCE;
				MTL_FAST_MATH = YES;
				ONLY_ACTIVE_ARCH = YES;
				SDKROOT = iphoneos;
				SWIFT_ACTIVE_COMPILATION_CONDITIONS = "DEBUG $(inherited)";
				SWIFT_OPTIMIZATION_LEVEL = "-Onone";
			};
			name = Debug;
		};
		776837142B0DE2D90089B4A5 /* Release */ = {
			isa = XCBuildConfiguration;
			buildSettings = {
				ALWAYS_SEARCH_USER_PATHS = NO;
				ASSETCATALOG_COMPILER_GENERATE_SWIFT_ASSET_SYMBOL_EXTENSIONS = YES;
				CLANG_ANALYZER_NONNULL = YES;
				CLANG_ANALYZER_NUMBER_OBJECT_CONVERSION = YES_AGGRESSIVE;
				CLANG_CXX_LANGUAGE_STANDARD = "gnu++20";
				CLANG_ENABLE_MODULES = YES;
				CLANG_ENABLE_OBJC_ARC = YES;
				CLANG_ENABLE_OBJC_WEAK = YES;
				CLANG_WARN_BLOCK_CAPTURE_AUTORELEASING = YES;
				CLANG_WARN_BOOL_CONVERSION = YES;
				CLANG_WARN_COMMA = YES;
				CLANG_WARN_CONSTANT_CONVERSION = YES;
				CLANG_WARN_DEPRECATED_OBJC_IMPLEMENTATIONS = YES;
				CLANG_WARN_DIRECT_OBJC_ISA_USAGE = YES_ERROR;
				CLANG_WARN_DOCUMENTATION_COMMENTS = YES;
				CLANG_WARN_EMPTY_BODY = YES;
				CLANG_WARN_ENUM_CONVERSION = YES;
				CLANG_WARN_INFINITE_RECURSION = YES;
				CLANG_WARN_INT_CONVERSION = YES;
				CLANG_WARN_NON_LITERAL_NULL_CONVERSION = YES;
				CLANG_WARN_OBJC_IMPLICIT_RETAIN_SELF = YES;
				CLANG_WARN_OBJC_LITERAL_CONVERSION = YES;
				CLANG_WARN_OBJC_ROOT_CLASS = YES_ERROR;
				CLANG_WARN_QUOTED_INCLUDE_IN_FRAMEWORK_HEADER = YES;
				CLANG_WARN_RANGE_LOOP_ANALYSIS = YES;
				CLANG_WARN_STRICT_PROTOTYPES = YES;
				CLANG_WARN_SUSPICIOUS_MOVE = YES;
				CLANG_WARN_UNGUARDED_AVAILABILITY = YES_AGGRESSIVE;
				CLANG_WARN_UNREACHABLE_CODE = YES;
				CLANG_WARN__DUPLICATE_METHOD_MATCH = YES;
				COPY_PHASE_STRIP = NO;
				DEBUG_INFORMATION_FORMAT = "dwarf-with-dsym";
				ENABLE_NS_ASSERTIONS = NO;
				ENABLE_STRICT_OBJC_MSGSEND = YES;
				ENABLE_USER_SCRIPT_SANDBOXING = YES;
				GCC_C_LANGUAGE_STANDARD = gnu17;
				GCC_NO_COMMON_BLOCKS = YES;
				GCC_WARN_64_TO_32_BIT_CONVERSION = YES;
				GCC_WARN_ABOUT_RETURN_TYPE = YES_ERROR;
				GCC_WARN_UNDECLARED_SELECTOR = YES;
				GCC_WARN_UNINITIALIZED_AUTOS = YES_AGGRESSIVE;
				GCC_WARN_UNUSED_FUNCTION = YES;
				GCC_WARN_UNUSED_VARIABLE = YES;
				IPHONEOS_DEPLOYMENT_TARGET = 17.0;
				LOCALIZATION_PREFERS_STRING_CATALOGS = YES;
				MTL_ENABLE_DEBUG_INFO = NO;
				MTL_FAST_MATH = YES;
				SDKROOT = iphoneos;
				SWIFT_COMPILATION_MODE = wholemodule;
				VALIDATE_PRODUCT = YES;
			};
			name = Release;
		};
		776837162B0DE2D90089B4A5 /* Debug */ = {
			isa = XCBuildConfiguration;
			baseConfigurationReference = 855691C6931938B2BCC7159F /* Pods-Neobis_iOS_Auth.debug.xcconfig */;
			buildSettings = {
				ASSETCATALOG_COMPILER_APPICON_NAME = AppIcon;
				ASSETCATALOG_COMPILER_GLOBAL_ACCENT_COLOR_NAME = AccentColor;
				CODE_SIGN_STYLE = Automatic;
				CURRENT_PROJECT_VERSION = 1;
				DEVELOPMENT_TEAM = RPXJGA4ZYB;
				GENERATE_INFOPLIST_FILE = YES;
				INFOPLIST_FILE = Neobis_iOS_Auth/Info.plist;
				INFOPLIST_KEY_UIApplicationSupportsIndirectInputEvents = YES;
				INFOPLIST_KEY_UILaunchStoryboardName = LaunchScreen;
				INFOPLIST_KEY_UISupportedInterfaceOrientations_iPad = "UIInterfaceOrientationPortrait UIInterfaceOrientationPortraitUpsideDown UIInterfaceOrientationLandscapeLeft UIInterfaceOrientationLandscapeRight";
				INFOPLIST_KEY_UISupportedInterfaceOrientations_iPhone = "UIInterfaceOrientationPortrait UIInterfaceOrientationLandscapeLeft UIInterfaceOrientationLandscapeRight";
				LD_RUNPATH_SEARCH_PATHS = (
					"$(inherited)",
					"@executable_path/Frameworks",
				);
				MARKETING_VERSION = 1.0;
				PRODUCT_BUNDLE_IDENTIFIER = "com.alikhan.Neobis-iOS-Auth";
				PRODUCT_NAME = "$(TARGET_NAME)";
				SWIFT_EMIT_LOC_STRINGS = YES;
				SWIFT_VERSION = 5.0;
				TARGETED_DEVICE_FAMILY = "1,2";
			};
			name = Debug;
		};
		776837172B0DE2D90089B4A5 /* Release */ = {
			isa = XCBuildConfiguration;
			baseConfigurationReference = 954F1385BF55199BE239C97B /* Pods-Neobis_iOS_Auth.release.xcconfig */;
			buildSettings = {
				ASSETCATALOG_COMPILER_APPICON_NAME = AppIcon;
				ASSETCATALOG_COMPILER_GLOBAL_ACCENT_COLOR_NAME = AccentColor;
				CODE_SIGN_STYLE = Automatic;
				CURRENT_PROJECT_VERSION = 1;
				DEVELOPMENT_TEAM = RPXJGA4ZYB;
				GENERATE_INFOPLIST_FILE = YES;
				INFOPLIST_FILE = Neobis_iOS_Auth/Info.plist;
				INFOPLIST_KEY_UIApplicationSupportsIndirectInputEvents = YES;
				INFOPLIST_KEY_UILaunchStoryboardName = LaunchScreen;
				INFOPLIST_KEY_UISupportedInterfaceOrientations_iPad = "UIInterfaceOrientationPortrait UIInterfaceOrientationPortraitUpsideDown UIInterfaceOrientationLandscapeLeft UIInterfaceOrientationLandscapeRight";
				INFOPLIST_KEY_UISupportedInterfaceOrientations_iPhone = "UIInterfaceOrientationPortrait UIInterfaceOrientationLandscapeLeft UIInterfaceOrientationLandscapeRight";
				LD_RUNPATH_SEARCH_PATHS = (
					"$(inherited)",
					"@executable_path/Frameworks",
				);
				MARKETING_VERSION = 1.0;
				PRODUCT_BUNDLE_IDENTIFIER = "com.alikhan.Neobis-iOS-Auth";
				PRODUCT_NAME = "$(TARGET_NAME)";
				SWIFT_EMIT_LOC_STRINGS = YES;
				SWIFT_VERSION = 5.0;
				TARGETED_DEVICE_FAMILY = "1,2";
			};
			name = Release;
		};
/* End XCBuildConfiguration section */

/* Begin XCConfigurationList section */
		776836FC2B0DE2D80089B4A5 /* Build configuration list for PBXProject "Neobis_iOS_Auth" */ = {
			isa = XCConfigurationList;
			buildConfigurations = (
				776837132B0DE2D90089B4A5 /* Debug */,
				776837142B0DE2D90089B4A5 /* Release */,
			);
			defaultConfigurationIsVisible = 0;
			defaultConfigurationName = Release;
		};
		776837152B0DE2D90089B4A5 /* Build configuration list for PBXNativeTarget "Neobis_iOS_Auth" */ = {
			isa = XCConfigurationList;
			buildConfigurations = (
				776837162B0DE2D90089B4A5 /* Debug */,
				776837172B0DE2D90089B4A5 /* Release */,
			);
			defaultConfigurationIsVisible = 0;
			defaultConfigurationName = Release;
		};
/* End XCConfigurationList section */
	};
	rootObject = 776836F92B0DE2D80089B4A5 /* Project object */;
}
